// !$*UTF8*$!
{
	archiveVersion = 1;
	classes = {
	};
	objectVersion = 46;
	objects = {

/* Begin PBXBuildFile section */
		699C487E1C5F3C93005DC3AB /* AppDelegate.swift in Sources */ = {isa = PBXBuildFile; fileRef = 699C487D1C5F3C93005DC3AB /* AppDelegate.swift */; };
		699C48801C5F3C93005DC3AB /* ViewController.swift in Sources */ = {isa = PBXBuildFile; fileRef = 699C487F1C5F3C93005DC3AB /* ViewController.swift */; };
		699C48831C5F3C93005DC3AB /* Main.storyboard in Resources */ = {isa = PBXBuildFile; fileRef = 699C48811C5F3C93005DC3AB /* Main.storyboard */; };
		699C48851C5F3C93005DC3AB /* Assets.xcassets in Resources */ = {isa = PBXBuildFile; fileRef = 699C48841C5F3C93005DC3AB /* Assets.xcassets */; };
		699C48881C5F3C93005DC3AB /* LaunchScreen.storyboard in Resources */ = {isa = PBXBuildFile; fileRef = 699C48861C5F3C93005DC3AB /* LaunchScreen.storyboard */; };
		699C48951C5F3CDD005DC3AB /* YMUI.framework in Frameworks */ = {isa = PBXBuildFile; fileRef = 699C48941C5F3CD2005DC3AB /* YMUI.framework */; };
		699C48961C5F3CDD005DC3AB /* YMUI.framework in Embed Frameworks */ = {isa = PBXBuildFile; fileRef = 699C48941C5F3CD2005DC3AB /* YMUI.framework */; settings = {ATTRIBUTES = (CodeSignOnCopy, RemoveHeadersOnCopy, ); }; };
/* End PBXBuildFile section */

/* Begin PBXContainerItemProxy section */
		699C48931C5F3CD2005DC3AB /* PBXContainerItemProxy */ = {
			isa = PBXContainerItemProxy;
			containerPortal = 699C488F1C5F3CD2005DC3AB /* YMUI.xcodeproj */;
			proxyType = 2;
			remoteGlobalIDString = 699C48641C5F2BAD005DC3AB;
			remoteInfo = YMUI;
		};
		699C48971C5F3CDD005DC3AB /* PBXContainerItemProxy */ = {
			isa = PBXContainerItemProxy;
			containerPortal = 699C488F1C5F3CD2005DC3AB /* YMUI.xcodeproj */;
			proxyType = 1;
			remoteGlobalIDString = 699C48631C5F2BAD005DC3AB;
			remoteInfo = YMUI;
		};
/* End PBXContainerItemProxy section */

/* Begin PBXCopyFilesBuildPhase section */
		699C48991C5F3CDD005DC3AB /* Embed Frameworks */ = {
			isa = PBXCopyFilesBuildPhase;
			buildActionMask = 2147483647;
			dstPath = "";
			dstSubfolderSpec = 10;
			files = (
				699C48961C5F3CDD005DC3AB /* YMUI.framework in Embed Frameworks */,
			);
			name = "Embed Frameworks";
			runOnlyForDeploymentPostprocessing = 0;
		};
/* End PBXCopyFilesBuildPhase section */

/* Begin PBXFileReference section */
		699C487A1C5F3C93005DC3AB /* YMUIExample.app */ = {isa = PBXFileReference; explicitFileType = wrapper.application; includeInIndex = 0; path = YMUIExample.app; sourceTree = BUILT_PRODUCTS_DIR; };
		699C487D1C5F3C93005DC3AB /* AppDelegate.swift */ = {isa = PBXFileReference; lastKnownFileType = sourcecode.swift; path = AppDelegate.swift; sourceTree = "<group>"; };
		699C487F1C5F3C93005DC3AB /* ViewController.swift */ = {isa = PBXFileReference; lastKnownFileType = sourcecode.swift; path = ViewController.swift; sourceTree = "<group>"; };
		699C48821C5F3C93005DC3AB /* Base */ = {isa = PBXFileReference; lastKnownFileType = file.storyboard; name = Base; path = Base.lproj/Main.storyboard; sourceTree = "<group>"; };
		699C48841C5F3C93005DC3AB /* Assets.xcassets */ = {isa = PBXFileReference; lastKnownFileType = folder.assetcatalog; path = Assets.xcassets; sourceTree = "<group>"; };
		699C48871C5F3C93005DC3AB /* Base */ = {isa = PBXFileReference; lastKnownFileType = file.storyboard; name = Base; path = Base.lproj/LaunchScreen.storyboard; sourceTree = "<group>"; };
		699C48891C5F3C93005DC3AB /* Info.plist */ = {isa = PBXFileReference; lastKnownFileType = text.plist.xml; path = Info.plist; sourceTree = "<group>"; };
		699C488F1C5F3CD2005DC3AB /* YMUI.xcodeproj */ = {isa = PBXFileReference; lastKnownFileType = "wrapper.pb-project"; path = YMUI.xcodeproj; sourceTree = "<group>"; };
/* End PBXFileReference section */

/* Begin PBXFrameworksBuildPhase section */
		699C48771C5F3C93005DC3AB /* Frameworks */ = {
			isa = PBXFrameworksBuildPhase;
			buildActionMask = 2147483647;
			files = (
				699C48951C5F3CDD005DC3AB /* YMUI.framework in Frameworks */,
			);
			runOnlyForDeploymentPostprocessing = 0;
		};
/* End PBXFrameworksBuildPhase section */

/* Begin PBXGroup section */
		699C48711C5F3C93005DC3AB = {
			isa = PBXGroup;
			children = (
				699C488F1C5F3CD2005DC3AB /* YMUI.xcodeproj */,
				699C487C1C5F3C93005DC3AB /* YMUIExample */,
				699C487B1C5F3C93005DC3AB /* Products */,
			);
			sourceTree = "<group>";
		};
		699C487B1C5F3C93005DC3AB /* Products */ = {
			isa = PBXGroup;
			children = (
				699C487A1C5F3C93005DC3AB /* YMUIExample.app */,
			);
			name = Products;
			sourceTree = "<group>";
		};
		699C487C1C5F3C93005DC3AB /* YMUIExample */ = {
			isa = PBXGroup;
			children = (
				699C487D1C5F3C93005DC3AB /* AppDelegate.swift */,
				699C487F1C5F3C93005DC3AB /* ViewController.swift */,
				699C48811C5F3C93005DC3AB /* Main.storyboard */,
				699C48841C5F3C93005DC3AB /* Assets.xcassets */,
				699C48861C5F3C93005DC3AB /* LaunchScreen.storyboard */,
				699C48891C5F3C93005DC3AB /* Info.plist */,
			);
			path = YMUIExample;
			sourceTree = "<group>";
		};
		699C48901C5F3CD2005DC3AB /* Products */ = {
			isa = PBXGroup;
			children = (
				699C48941C5F3CD2005DC3AB /* YMUI.framework */,
			);
			name = Products;
			sourceTree = "<group>";
		};
/* End PBXGroup section */

/* Begin PBXNativeTarget section */
		699C48791C5F3C93005DC3AB /* YMUIExample */ = {
			isa = PBXNativeTarget;
			buildConfigurationList = 699C488C1C5F3C93005DC3AB /* Build configuration list for PBXNativeTarget "YMUIExample" */;
			buildPhases = (
				699C48761C5F3C93005DC3AB /* Sources */,
				699C48771C5F3C93005DC3AB /* Frameworks */,
				699C48781C5F3C93005DC3AB /* Resources */,
				699C48991C5F3CDD005DC3AB /* Embed Frameworks */,
			);
			buildRules = (
			);
			dependencies = (
				699C48981C5F3CDD005DC3AB /* PBXTargetDependency */,
			);
			name = YMUIExample;
			productName = YMUIExample;
			productReference = 699C487A1C5F3C93005DC3AB /* YMUIExample.app */;
			productType = "com.apple.product-type.application";
		};
/* End PBXNativeTarget section */

/* Begin PBXProject section */
		699C48721C5F3C93005DC3AB /* Project object */ = {
			isa = PBXProject;
			attributes = {
				LastSwiftUpdateCheck = 0720;
				LastUpgradeCheck = 0720;
				ORGANIZATIONNAME = "JuXian(Beijing) Technology Co., Ltd.";
				TargetAttributes = {
					699C48791C5F3C93005DC3AB = {
						CreatedOnToolsVersion = 7.2;
					};
				};
			};
			buildConfigurationList = 699C48751C5F3C93005DC3AB /* Build configuration list for PBXProject "YMUIExample" */;
			compatibilityVersion = "Xcode 3.2";
			developmentRegion = English;
			hasScannedForEncodings = 0;
			knownRegions = (
				en,
				Base,
			);
			mainGroup = 699C48711C5F3C93005DC3AB;
			productRefGroup = 699C487B1C5F3C93005DC3AB /* Products */;
			projectDirPath = "";
			projectReferences = (
				{
					ProductGroup = 699C48901C5F3CD2005DC3AB /* Products */;
					ProjectRef = 699C488F1C5F3CD2005DC3AB /* YMUI.xcodeproj */;
				},
			);
			projectRoot = "";
			targets = (
				699C48791C5F3C93005DC3AB /* YMUIExample */,
			);
		};
/* End PBXProject section */

/* Begin PBXReferenceProxy section */
		699C48941C5F3CD2005DC3AB /* YMUI.framework */ = {
			isa = PBXReferenceProxy;
			fileType = wrapper.framework;
			path = YMUI.framework;
			remoteRef = 699C48931C5F3CD2005DC3AB /* PBXContainerItemProxy */;
			sourceTree = BUILT_PRODUCTS_DIR;
		};
/* End PBXReferenceProxy section */

/* Begin PBXResourcesBuildPhase section */
		699C48781C5F3C93005DC3AB /* Resources */ = {
			isa = PBXResourcesBuildPhase;
			buildActionMask = 2147483647;
			files = (
				699C48881C5F3C93005DC3AB /* LaunchScreen.storyboard in Resources */,
				699C48851C5F3C93005DC3AB /* Assets.xcassets in Resources */,
				699C48831C5F3C93005DC3AB /* Main.storyboard in Resources */,
			);
			runOnlyForDeploymentPostprocessing = 0;
		};
/* End PBXResourcesBuildPhase section */

/* Begin PBXSourcesBuildPhase section */
		699C48761C5F3C93005DC3AB /* Sources */ = {
			isa = PBXSourcesBuildPhase;
			buildActionMask = 2147483647;
			files = (
				699C48801C5F3C93005DC3AB /* ViewController.swift in Sources */,
				699C487E1C5F3C93005DC3AB /* AppDelegate.swift in Sources */,
			);
			runOnlyForDeploymentPostprocessing = 0;
		};
/* End PBXSourcesBuildPhase section */

/* Begin PBXTargetDependency section */
		699C48981C5F3CDD005DC3AB /* PBXTargetDependency */ = {
			isa = PBXTargetDependency;
			name = YMUI;
			targetProxy = 699C48971C5F3CDD005DC3AB /* PBXContainerItemProxy */;
		};
/* End PBXTargetDependency section */

/* Begin PBXVariantGroup section */
		699C48811C5F3C93005DC3AB /* Main.storyboard */ = {
			isa = PBXVariantGroup;
			children = (
				699C48821C5F3C93005DC3AB /* Base */,
			);
			name = Main.storyboard;
			sourceTree = "<group>";
		};
		699C48861C5F3C93005DC3AB /* LaunchScreen.storyboard */ = {
			isa = PBXVariantGroup;
			children = (
				699C48871C5F3C93005DC3AB /* Base */,
			);
			name = LaunchScreen.storyboard;
			sourceTree = "<group>";
		};
/* End PBXVariantGroup section */

/* Begin XCBuildConfiguration section */
		699C488A1C5F3C93005DC3AB /* Debug */ = {
			isa = XCBuildConfiguration;
			buildSettings = {
				ALWAYS_SEARCH_USER_PATHS = NO;
				CLANG_CXX_LANGUAGE_STANDARD = "gnu++0x";
				CLANG_CXX_LIBRARY = "libc++";
				CLANG_ENABLE_MODULES = YES;
				CLANG_ENABLE_OBJC_ARC = YES;
				CLANG_WARN_BOOL_CONVERSION = YES;
				CLANG_WARN_CONSTANT_CONVERSION = YES;
				CLANG_WARN_DIRECT_OBJC_ISA_USAGE = YES_ERROR;
				CLANG_WARN_EMPTY_BODY = YES;
				CLANG_WARN_ENUM_CONVERSION = YES;
				CLANG_WARN_INT_CONVERSION = YES;
				CLANG_WARN_OBJC_ROOT_CLASS = YES_ERROR;
				CLANG_WARN_UNREACHABLE_CODE = YES;
				CLANG_WARN__DUPLICATE_METHOD_MATCH = YES;
				"CODE_SIGN_IDENTITY[sdk=iphoneos*]" = "iPhone Developer";
				COPY_PHASE_STRIP = NO;
				DEBUG_INFORMATION_FORMAT = dwarf;
				ENABLE_STRICT_OBJC_MSGSEND = YES;
				ENABLE_TESTABILITY = YES;
				GCC_C_LANGUAGE_STANDARD = gnu99;
				GCC_DYNAMIC_NO_PIC = NO;
				GCC_NO_COMMON_BLOCKS = YES;
				GCC_OPTIMIZATION_LEVEL = 0;
				GCC_PREPROCESSOR_DEFINITIONS = (
					"DEBUG=1",
					"$(inherited)",
				);
				GCC_WARN_64_TO_32_BIT_CONVERSION = YES;
				GCC_WARN_ABOUT_RETURN_TYPE = YES_ERROR;
				GCC_WARN_UNDECLARED_SELECTOR = YES;
				GCC_WARN_UNINITIALIZED_AUTOS = YES_AGGRESSIVE;
				GCC_WARN_UNUSED_FUNCTION = YES;
				GCC_WARN_UNUSED_VARIABLE = YES;
				IPHONEOS_DEPLOYMENT_TARGET = 9.2;
				MTL_ENABLE_DEBUG_INFO = YES;
				ONLY_ACTIVE_ARCH = YES;
				SDKROOT = iphoneos;
				SWIFT_OPTIMIZATION_LEVEL = "-Onone";
			};
			name = Debug;
		};
		699C488B1C5F3C93005DC3AB /* Release */ = {
			isa = XCBuildConfiguration;
			buildSettings = {
				ALWAYS_SEARCH_USER_PATHS = NO;
				CLANG_CXX_LANGUAGE_STANDARD = "gnu++0x";
				CLANG_CXX_LIBRARY = "libc++";
				CLANG_ENABLE_MODULES = YES;
				CLANG_ENABLE_OBJC_ARC = YES;
				CLANG_WARN_BOOL_CONVERSION = YES;
				CLANG_WARN_CONSTANT_CONVERSION = YES;
				CLANG_WARN_DIRECT_OBJC_ISA_USAGE = YES_ERROR;
				CLANG_WARN_EMPTY_BODY = YES;
				CLANG_WARN_ENUM_CONVERSION = YES;
				CLANG_WARN_INT_CONVERSION = YES;
				CLANG_WARN_OBJC_ROOT_CLASS = YES_ERROR;
				CLANG_WARN_UNREACHABLE_CODE = YES;
				CLANG_WARN__DUPLICATE_METHOD_MATCH = YES;
				"CODE_SIGN_IDENTITY[sdk=iphoneos*]" = "iPhone Developer";
				COPY_PHASE_STRIP = NO;
				DEBUG_INFORMATION_FORMAT = "dwarf-with-dsym";
				ENABLE_NS_ASSERTIONS = NO;
				ENABLE_STRICT_OBJC_MSGSEND = YES;
				GCC_C_LANGUAGE_STANDARD = gnu99;
				GCC_NO_COMMON_BLOCKS = YES;
				GCC_WARN_64_TO_32_BIT_CONVERSION = YES;
				GCC_WARN_ABOUT_RETURN_TYPE = YES_ERROR;
				GCC_WARN_UNDECLARED_SELECTOR = YES;
				GCC_WARN_UNINITIALIZED_AUTOS = YES_AGGRESSIVE;
				GCC_WARN_UNUSED_FUNCTION = YES;
				GCC_WARN_UNUSED_VARIABLE = YES;
				IPHONEOS_DEPLOYMENT_TARGET = 9.2;
				MTL_ENABLE_DEBUG_INFO = NO;
				SDKROOT = iphoneos;
				VALIDATE_PRODUCT = YES;
			};
			name = Release;
		};
		699C488D1C5F3C93005DC3AB /* Debug */ = {
			isa = XCBuildConfiguration;
			buildSettings = {
				ASSETCATALOG_COMPILER_APPICON_NAME = AppIcon;
				EMBEDDED_CONTENT_CONTAINS_SWIFT = YES;
				INFOPLIST_FILE = YMUIExample/Info.plist;
				LD_RUNPATH_SEARCH_PATHS = "$(inherited) @executable_path/Frameworks";
				PRODUCT_BUNDLE_IDENTIFIER = com.juxian.YMUIExample;
				PRODUCT_NAME = "$(TARGET_NAME)";
			};
			name = Debug;
		};
		699C488E1C5F3C93005DC3AB /* Release */ = {
			isa = XCBuildConfiguration;
			buildSettings = {
				ASSETCATALOG_COMPILER_APPICON_NAME = AppIcon;
				EMBEDDED_CONTENT_CONTAINS_SWIFT = YES;
				INFOPLIST_FILE = YMUIExample/Info.plist;
				LD_RUNPATH_SEARCH_PATHS = "$(inherited) @executable_path/Frameworks";
				PRODUCT_BUNDLE_IDENTIFIER = com.juxian.YMUIExample;
				PRODUCT_NAME = "$(TARGET_NAME)";
			};
			name = Release;
		};
/* End XCBuildConfiguration section */

/* Begin XCConfigurationList section */
		699C48751C5F3C93005DC3AB /* Build configuration list for PBXProject "YMUIExample" */ = {
			isa = XCConfigurationList;
			buildConfigurations = (
				699C488A1C5F3C93005DC3AB /* Debug */,
				699C488B1C5F3C93005DC3AB /* Release */,
			);
			defaultConfigurationIsVisible = 0;
			defaultConfigurationName = Release;
		};
		699C488C1C5F3C93005DC3AB /* Build configuration list for PBXNativeTarget "YMUIExample" */ = {
			isa = XCConfigurationList;
			buildConfigurations = (
				699C488D1C5F3C93005DC3AB /* Debug */,
				699C488E1C5F3C93005DC3AB /* Release */,
			);
			defaultConfigurationIsVisible = 0;
			defaultConfigurationName = Release;
		};
/* End XCConfigurationList section */
	};
	rootObject = 699C48721C5F3C93005DC3AB /* Project object */;
}
